{
	"name": "koagent-http-proxy",
	"version": "0.1.21",
	"lockfileVersion": 1,
	"requires": true,
	"dependencies": {
		"@types/accepts": {
			"version": "1.3.5",
			"resolved": "http://registry.npmjs.org/@types/accepts/-/accepts-1.3.5.tgz",
			"integrity": "sha512-jOdnI/3qTpHABjM5cx1Hc0sKsPoYCp+DP/GJRGtDlPd7fiV9oXGGIcjW/ZOxLIvjGz8MA+uMZI9metHlgqbgwQ==",
			"dev": true,
			"requires": {
				"@types/node": "*"
			}
		},
		"@types/body-parser": {
			"version": "1.17.0",
			"resolved": "https://registry.npmjs.org/@types/body-parser/-/body-parser-1.17.0.tgz",
			"integrity": "sha512-a2+YeUjPkztKJu5aIF2yArYFQQp8d51wZ7DavSHjFuY1mqVgidGyzEQ41JIVNy82fXj8yPgy2vJmfIywgESW6w==",
			"dev": true,
			"requires": {
				"@types/connect": "*",
				"@types/node": "*"
			}
		},
		"@types/connect": {
			"version": "3.4.32",
			"resolved": "https://registry.npmjs.org/@types/connect/-/connect-3.4.32.tgz",
			"integrity": "sha512-4r8qa0quOvh7lGD0pre62CAb1oni1OO6ecJLGCezTmhQ8Fz50Arx9RUszryR8KlgK6avuSXvviL6yWyViQABOg==",
			"dev": true,
			"requires": {
				"@types/node": "*"
			}
		},
		"@types/cookies": {
			"version": "0.7.1",
			"resolved": "https://registry.npmjs.org/@types/cookies/-/cookies-0.7.1.tgz",
			"integrity": "sha512-ku6IvbucEyuC6i4zAVK/KnuzWNXdbFd1HkXlNLg/zhWDGTtQT5VhumiPruB/BHW34PWVFwyfwGftDQHfWNxu3Q==",
			"dev": true,
			"requires": {
				"@types/connect": "*",
				"@types/express": "*",
				"@types/keygrip": "*",
				"@types/node": "*"
			}
		},
		"@types/events": {
			"version": "1.2.0",
			"resolved": "http://registry.npmjs.org/@types/events/-/events-1.2.0.tgz",
			"integrity": "sha512-KEIlhXnIutzKwRbQkGWb/I4HFqBuUykAdHgDED6xqwXJfONCjF5VoE0cXEiurh3XauygxzeDzgtXUqvLkxFzzA==",
			"dev": true
		},
		"@types/express": {
			"version": "4.16.0",
			"resolved": "https://registry.npmjs.org/@types/express/-/express-4.16.0.tgz",
			"integrity": "sha512-TtPEYumsmSTtTetAPXlJVf3kEqb6wZK0bZojpJQrnD/djV4q1oB6QQ8aKvKqwNPACoe02GNiy5zDzcYivR5Z2w==",
			"dev": true,
			"requires": {
				"@types/body-parser": "*",
				"@types/express-serve-static-core": "*",
				"@types/serve-static": "*"
			}
		},
		"@types/express-serve-static-core": {
			"version": "4.16.0",
			"resolved": "https://registry.npmjs.org/@types/express-serve-static-core/-/express-serve-static-core-4.16.0.tgz",
			"integrity": "sha512-lTeoCu5NxJU4OD9moCgm0ESZzweAx0YqsAcab6OB0EB3+As1OaHtKnaGJvcngQxYsi9UNv0abn4/DRavrRxt4w==",
			"dev": true,
			"requires": {
				"@types/events": "*",
				"@types/node": "*",
				"@types/range-parser": "*"
			}
		},
		"@types/http-assert": {
			"version": "1.3.0",
			"resolved": "https://registry.npmjs.org/@types/http-assert/-/http-assert-1.3.0.tgz",
			"integrity": "sha512-RObYTpPMo0IY+ZksPtKHsXlYFRxsYIvUqd68e89Y7otDrXsjBy1VgMd53kxVV0JMsNlkCASjllFOlLlhxEv0iw==",
			"dev": true
		},
		"@types/http-proxy": {
			"version": "1.16.2",
			"resolved": "https://registry.npmjs.org/@types/http-proxy/-/http-proxy-1.16.2.tgz",
			"integrity": "sha512-GgqePmC3rlsn1nv+kx5OviPuUBU2omhnlXOaJSXFgOdsTcScNFap+OaCb2ip9Bm4m5L8EOehgT5d9M4uNB90zg==",
			"dev": true,
			"requires": {
				"@types/events": "*",
				"@types/node": "*"
			}
		},
		"@types/keygrip": {
			"version": "1.0.1",
			"resolved": "https://registry.npmjs.org/@types/keygrip/-/keygrip-1.0.1.tgz",
			"integrity": "sha1-/1QEYtL7TQqIRBzq8n0oewHD2Hg=",
			"dev": true
		},
		"@types/koa": {
			"version": "2.0.46",
			"resolved": "https://registry.npmjs.org/@types/koa/-/koa-2.0.46.tgz",
			"integrity": "sha512-Dw10hYKv3exrc71GmH/Fqnc7dCLzdiP8bM1MLelPYjgIH5kQ6mPFreM3Z0uLK9EFaeCZZUYqsedDLCf3Urrysg==",
			"dev": true,
			"requires": {
				"@types/accepts": "*",
				"@types/cookies": "*",
				"@types/events": "*",
				"@types/http-assert": "*",
				"@types/keygrip": "*",
				"@types/koa-compose": "*",
				"@types/node": "*"
			}
		},
		"@types/koa-compose": {
			"version": "3.2.2",
			"resolved": "https://registry.npmjs.org/@types/koa-compose/-/koa-compose-3.2.2.tgz",
			"integrity": "sha1-3BBuAAu/kqOskA91bfRzRIh+6Ec=",
			"dev": true
		},
		"@types/lodash": {
			"version": "4.14.117",
			"resolved": "https://registry.npmjs.org/@types/lodash/-/lodash-4.14.117.tgz",
			"integrity": "sha512-xyf2m6tRbz8qQKcxYZa7PA4SllYcay+eh25DN3jmNYY6gSTL7Htc/bttVdkqj2wfJGbeWlQiX8pIyJpKU+tubw==",
			"dev": true
		},
		"@types/mime": {
			"version": "2.0.0",
			"resolved": "https://registry.npmjs.org/@types/mime/-/mime-2.0.0.tgz",
			"integrity": "sha512-A2TAGbTFdBw9azHbpVd+/FkdW2T6msN1uct1O9bH3vTerEHKZhTXJUQXy+hNq1B0RagfU8U+KBdqiZpxjhOUQA==",
			"dev": true
		},
		"@types/node": {
			"version": "10.12.0",
			"resolved": "https://registry.npmjs.org/@types/node/-/node-10.12.0.tgz",
			"integrity": "sha512-3TUHC3jsBAB7qVRGxT6lWyYo2v96BMmD2PTcl47H25Lu7UXtFH/2qqmKiVrnel6Ne//0TFYf6uvNX+HW2FRkLQ==",
			"dev": true
		},
		"@types/range-parser": {
			"version": "1.2.2",
			"resolved": "https://registry.npmjs.org/@types/range-parser/-/range-parser-1.2.2.tgz",
			"integrity": "sha512-HtKGu+qG1NPvYe1z7ezLsyIaXYyi8SoAVqWDZgDQ8dLrsZvSzUNCwZyfX33uhWxL/SU0ZDQZ3nwZ0nimt507Kw==",
			"dev": true
		},
		"@types/serve-static": {
			"version": "1.13.2",
			"resolved": "https://registry.npmjs.org/@types/serve-static/-/serve-static-1.13.2.tgz",
			"integrity": "sha512-/BZ4QRLpH/bNYgZgwhKEh+5AsboDBcUdlBYgzoLX0fpj3Y2gp6EApyOlM3bK53wQS/OE1SrdSYBAbux2D1528Q==",
			"dev": true,
			"requires": {
				"@types/express-serve-static-core": "*",
				"@types/mime": "*"
			}
		},
		"balanced-match": {
			"version": "1.0.2",
			"resolved": "https://registry.npmjs.org/balanced-match/-/balanced-match-1.0.2.tgz",
			"integrity": "sha512-3oSeUO0TMV67hN1AmbXsK4yaqU7tjiHlbxRDZOpH0KW9+CeX4bRAaX0Anxt0tx2MrpRpWwQaPwIlISEJhYU5Pw==",
			"dev": true
		},
		"brace-expansion": {
			"version": "1.1.11",
			"resolved": "https://registry.npmjs.org/brace-expansion/-/brace-expansion-1.1.11.tgz",
			"integrity": "sha512-iCuPHDFgrHX7H2vEI/5xpz07zSHB00TpugqhmYtVmMO6518mCuRMoOYFldEBl0g187ufozdaHgWKcYFb61qGiA==",
			"dev": true,
			"requires": {
				"balanced-match": "^1.0.0",
				"concat-map": "0.0.1"
			}
		},
		"concat-map": {
			"version": "0.0.1",
			"resolved": "https://registry.npmjs.org/concat-map/-/concat-map-0.0.1.tgz",
			"integrity": "sha1-2Klr13/Wjfd5OnMDajug1UBdR3s=",
			"dev": true
		},
		"eventemitter3": {
			"version": "3.1.0",
			"resolved": "https://registry.npmjs.org/eventemitter3/-/eventemitter3-3.1.0.tgz",
			"integrity": "sha512-ivIvhpq/Y0uSjcHDcOIccjmYjGLcP09MFGE7ysAwkAvkXfpZlC985pH2/ui64DKazbTW/4kN3yqozUxlXzI6cA=="
		},
		"follow-redirects": {
			"version": "1.14.7",
			"resolved": "https://registry.npmjs.org/follow-redirects/-/follow-redirects-1.14.7.tgz",
			"integrity": "sha512-+hbxoLbFMbRKDwohX8GkTataGqO6Jb7jGwpAlwgy2bIz25XtRm7KEzJM76R1WiNT5SwZkX4Y75SwBolkpmE7iQ=="
		},
		"fs.realpath": {
			"version": "1.0.0",
			"resolved": "https://registry.npmjs.org/fs.realpath/-/fs.realpath-1.0.0.tgz",
			"integrity": "sha1-FQStJSMVjKpA20onh8sBQRmU6k8=",
			"dev": true
		},
		"glob": {
			"version": "7.2.0",
			"resolved": "https://registry.npmjs.org/glob/-/glob-7.2.0.tgz",
			"integrity": "sha512-lmLf6gtyrPq8tTjSmrO94wBeQbFR3HbLHbuyD69wuyQkImp2hWqMGB47OX65FBkPffO641IP9jWa1z4ivqG26Q==",
			"dev": true,
			"requires": {
				"fs.realpath": "^1.0.0",
				"inflight": "^1.0.4",
				"inherits": "2",
				"minimatch": "^3.0.4",
				"once": "^1.3.0",
				"path-is-absolute": "^1.0.0"
			}
		},
		"http-proxy": {
			"version": "1.17.0",
			"resolved": "https://registry.npmjs.org/http-proxy/-/http-proxy-1.17.0.tgz",
			"integrity": "sha512-Taqn+3nNvYRfJ3bGvKfBSRwy1v6eePlm3oc/aWVxZp57DQr5Eq3xhKJi7Z4hZpS8PC3H4qI+Yly5EmFacGuA/g==",
			"requires": {
				"eventemitter3": "^3.0.0",
				"follow-redirects": "^1.0.0",
				"requires-port": "^1.0.0"
			}
		},
		"inflight": {
			"version": "1.0.6",
			"resolved": "https://registry.npmjs.org/inflight/-/inflight-1.0.6.tgz",
			"integrity": "sha1-Sb1jMdfQLQwJvJEKEHW6gWW1bfk=",
			"dev": true,
			"requires": {
				"once": "^1.3.0",
				"wrappy": "1"
			}
		},
		"inherits": {
			"version": "2.0.4",
			"resolved": "https://registry.npmjs.org/inherits/-/inherits-2.0.4.tgz",
			"integrity": "sha512-k/vGaX4/Yla3WzyMCvTQOXYeIHvqOKtnqBduzTHpzpQZzAskKMhZ2K+EnBiSM9zGSoIFeMpXKxa4dYeZIQqewQ==",
			"dev": true
		},
		"lodash": {
			"version": "4.17.11",
			"resolved": "https://registry.npmjs.org/lodash/-/lodash-4.17.11.tgz",
			"integrity": "sha512-cQKh8igo5QUhZ7lg38DYWAxMvjSAKG0A8wGSVimP07SIUEK2UO+arSRKbRZWtelMtN5V0Hkwh5ryOto/SshYIg=="
		},
		"minimatch": {
			"version": "3.0.4",
			"resolved": "https://registry.npmjs.org/minimatch/-/minimatch-3.0.4.tgz",
			"integrity": "sha512-yJHVQEhyqPLUTgt9B83PXu6W3rx4MvvHvSUvToogpwoGDOUQ+yDrR0HRot+yOCdCO7u4hX3pWft6kWBBcqh0UA==",
			"dev": true,
			"requires": {
				"brace-expansion": "^1.1.7"
			}
		},
		"once": {
			"version": "1.4.0",
			"resolved": "https://registry.npmjs.org/once/-/once-1.4.0.tgz",
			"integrity": "sha1-WDsap3WWHUsROsF9nFC6753Xa9E=",
			"dev": true,
			"requires": {
				"wrappy": "1"
			}
		},
		"path-is-absolute": {
			"version": "1.0.1",
			"resolved": "https://registry.npmjs.org/path-is-absolute/-/path-is-absolute-1.0.1.tgz",
			"integrity": "sha1-F0uSaHNVNP+8es5r9TpanhtcX18=",
			"dev": true
		},
		"requires-port": {
			"version": "1.0.0",
			"resolved": "https://registry.npmjs.org/requires-port/-/requires-port-1.0.0.tgz",
			"integrity": "sha1-kl0mAdOaxIXgkc8NpcbmlNw9yv8="
		},
		"rimraf": {
			"version": "2.7.1",
			"resolved": "https://registry.npmjs.org/rimraf/-/rimraf-2.7.1.tgz",
			"integrity": "sha512-uWjbaKIK3T1OSVptzX7Nl6PvQ3qAGtKEtVRjRuazjfL3Bx5eI409VZSqgND+4UNnmzLVdPj9FqFJNPqBZFve4w==",
			"dev": true,
			"requires": {
				"glob": "^7.1.3"
			}
		},
		"typescript": {
			"version": "3.9.10",
			"resolved": "https://registry.npmjs.org/typescript/-/typescript-3.9.10.tgz",
			"integrity": "sha512-w6fIxVE/H1PkLKcCPsFqKE7Kv7QUwhU8qQY2MueZXWx5cPZdwFupLgKK3vntcK98BtNHZtAF4LA/yl2a7k8R6Q==",
			"dev": true
		},
		"wrappy": {
			"version": "1.0.2",
			"resolved": "https://registry.npmjs.org/wrappy/-/wrappy-1.0.2.tgz",
			"integrity": "sha1-tSQ9jz7BqjXxNkYFvA0QNuMKtp8=",
			"dev": true
		}
	}
}
